PODS:
  - Alamofire (4.5.1)
  - Differentiator (2.0.2)
  - HandyJSON (1.8.0)
  - Kingfisher (3.13.0)
  - MBProgressHUD (1.0.0)
  - ReactiveCocoa (6.0.1):
    - ReactiveSwift (~> 2.0)
  - ReactiveSwift (2.0.1):
    - Result (~> 3.2)
  - Result (3.2.3)
  - RxCocoa (3.6.1):
    - RxSwift (~> 3.6)
  - RxDataSources (2.0.2):
    - Differentiator (~> 2.0)
    - RxCocoa (>= 3.6.1)
    - RxSwift (>= 3.6.1)
  - RxSwift (3.6.1)
  - SnapKit (3.2.0)
  - SwiftyJSON (3.1.4)

DEPENDENCIES:
  - Alamofire
  - HandyJSON
  - Kingfisher
  - MBProgressHUD
  - ReactiveCocoa
  - RxCocoa
  - RxDataSources
  - RxSwift
  - SnapKit
  - SwiftyJSON

SPEC REPOS:
  https://github.com/cocoapods/specs.git:
    - Alamofire
    - Differentiator
    - HandyJSON
    - Kingfisher
    - MBProgressHUD
    - ReactiveCocoa
    - ReactiveSwift
    - Result
    - RxCocoa
    - RxDataSources
    - RxSwift
    - SnapKit
    - SwiftyJSON

SPEC CHECKSUMS:
  Alamofire: 2d95912bf4c34f164fdfc335872e8c312acaea4a
  Differentiator: caa9b3957981a2ac8e6b2eac8a676af461caa604
  HandyJSON: edaaa3278bf4c4c96d6f7382b80d6b91c88d3bf5
  Kingfisher: 7eebf6000ac64401839f10da37f21eefa7d88970
  MBProgressHUD: 4890f671c94e8a0f3cf959aa731e9de2f036d71a
  ReactiveCocoa: cf6595131c832c468fe3f84a2d7f74ed68eb3058
  ReactiveSwift: 60a29ff35988a964fd2bb759755cb6594de523fc
  Result: 128640a6347e8d2ae48b142556739a2d13f90ce6
  RxCocoa: 84a08739ab186248c7f31ce4ee92d6f8a947d690
  RxDataSources: 7f190474a93a206c082c2d74c4cc9c8f7bea4feb
  RxSwift: f9de85ea20cd2f7716ee5409fc13523dc638e4e4
  SnapKit: 1ca44df72cfa543218d177cb8aab029d10d86ea7
  SwiftyJSON: c2842d878f95482ffceec5709abc3d05680c0220

PODFILE CHECKSUM: 1668bf151fea36a571ca367fe51ab9aaafe89ede

COCOAPODS: 1.5.3
