// !$*UTF8*$!
{
	archiveVersion = 1;
	classes = {
	};
	objectVersion = 46;
	objects = {

/* Begin PBXBuildFile section */
		8C38DE396CBC1B0B6D5FAD89 /* Pods_SwiftProjectUITests.framework in Frameworks */ = {isa = PBXBuildFile; fileRef = 669179AF2376AFA1126C9729 /* Pods_SwiftProjectUITests.framework */; };
		8F1F5F441E7180EE009771D5 /* AppDelegate.swift in Sources */ = {isa = PBXBuildFile; fileRef = 8F1F5F431E7180EE009771D5 /* AppDelegate.swift */; };
		8F1F5F4B1E7180EE009771D5 /* Assets.xcassets in Resources */ = {isa = PBXBuildFile; fileRef = 8F1F5F4A1E7180EE009771D5 /* Assets.xcassets */; };
		8F1F5F4E1E7180EE009771D5 /* LaunchScreen.storyboard in Resources */ = {isa = PBXBuildFile; fileRef = 8F1F5F4C1E7180EE009771D5 /* LaunchScreen.storyboard */; };
		8F1F5F591E7180EE009771D5 /* SwiftProjectTests.swift in Sources */ = {isa = PBXBuildFile; fileRef = 8F1F5F581E7180EE009771D5 /* SwiftProjectTests.swift */; };
		8F1F5F641E7180EE009771D5 /* SwiftProjectUITests.swift in Sources */ = {isa = PBXBuildFile; fileRef = 8F1F5F631E7180EE009771D5 /* SwiftProjectUITests.swift */; };
		8F1F5F7B1E7185B7009771D5 /* LMBasicViewController.swift in Sources */ = {isa = PBXBuildFile; fileRef = 8F1F5F7A1E7185B7009771D5 /* LMBasicViewController.swift */; };
		8F1F5F7D1E7185DC009771D5 /* LMTabBarController.swift in Sources */ = {isa = PBXBuildFile; fileRef = 8F1F5F7C1E7185DC009771D5 /* LMTabBarController.swift */; };
		D8992B2B28CEEC56CA3CFA97 /* Pods_SwiftProject.framework in Frameworks */ = {isa = PBXBuildFile; fileRef = F8AFE17E92C4E3E4401EFD0F /* Pods_SwiftProject.framework */; };
		F71AEA5C1E837F0500746158 /* LMLoginVC.swift in Sources */ = {isa = PBXBuildFile; fileRef = F71AEA591E837F0500746158 /* LMLoginVC.swift */; };
		F71AEA5E1E837F1800746158 /* LMLoginModel.swift in Sources */ = {isa = PBXBuildFile; fileRef = F71AEA5D1E837F1800746158 /* LMLoginModel.swift */; };
		F71AEA601E837F2700746158 /* LMLoginViewModel.swift in Sources */ = {isa = PBXBuildFile; fileRef = F71AEA5F1E837F2700746158 /* LMLoginViewModel.swift */; };
		F71AEA621E837FB000746158 /* LMLoginView.swift in Sources */ = {isa = PBXBuildFile; fileRef = F71AEA611E837FB000746158 /* LMLoginView.swift */; };
		F733CE471E84B8960075553B /* LMKeyboardProtocol.swift in Sources */ = {isa = PBXBuildFile; fileRef = F733CE461E84B8960075553B /* LMKeyboardProtocol.swift */; };
		F7612F3D1E83B48700E50C00 /* Header.swift in Sources */ = {isa = PBXBuildFile; fileRef = F7612F3C1E83B48700E50C00 /* Header.swift */; };
		F7A8B3534E5B05BCEB0AC995 /* Pods_SwiftProjectTests.framework in Frameworks */ = {isa = PBXBuildFile; fileRef = 07A297778F7AC07460D14E13 /* Pods_SwiftProjectTests.framework */; };
		F7ED0AB91E8A0FAB001B1959 /* LMHTTPRequset.swift in Sources */ = {isa = PBXBuildFile; fileRef = F7ED0AB81E8A0FAB001B1959 /* LMHTTPRequset.swift */; };
/* End PBXBuildFile section */

/* Begin PBXContainerItemProxy section */
		8F1F5F551E7180EE009771D5 /* PBXContainerItemProxy */ = {
			isa = PBXContainerItemProxy;
			containerPortal = 8F1F5F381E7180EE009771D5 /* Project object */;
			proxyType = 1;
			remoteGlobalIDString = 8F1F5F3F1E7180EE009771D5;
			remoteInfo = SwiftProject;
		};
		8F1F5F601E7180EE009771D5 /* PBXContainerItemProxy */ = {
			isa = PBXContainerItemProxy;
			containerPortal = 8F1F5F381E7180EE009771D5 /* Project object */;
			proxyType = 1;
			remoteGlobalIDString = 8F1F5F3F1E7180EE009771D5;
			remoteInfo = SwiftProject;
		};
/* End PBXContainerItemProxy section */

/* Begin PBXFileReference section */
		07A297778F7AC07460D14E13 /* Pods_SwiftProjectTests.framework */ = {isa = PBXFileReference; explicitFileType = wrapper.framework; includeInIndex = 0; path = Pods_SwiftProjectTests.framework; sourceTree = BUILT_PRODUCTS_DIR; };
		20656D8F15E36A291E97FAB7 /* Pods-SwiftProjectUITests.debug.xcconfig */ = {isa = PBXFileReference; includeInIndex = 1; lastKnownFileType = text.xcconfig; name = "Pods-SwiftProjectUITests.debug.xcconfig"; path = "Pods/Target Support Files/Pods-SwiftProjectUITests/Pods-SwiftProjectUITests.debug.xcconfig"; sourceTree = "<group>"; };
		669179AF2376AFA1126C9729 /* Pods_SwiftProjectUITests.framework */ = {isa = PBXFileReference; explicitFileType = wrapper.framework; includeInIndex = 0; path = Pods_SwiftProjectUITests.framework; sourceTree = BUILT_PRODUCTS_DIR; };
		8F1F5F401E7180EE009771D5 /* SwiftProject.app */ = {isa = PBXFileReference; explicitFileType = wrapper.application; includeInIndex = 0; path = SwiftProject.app; sourceTree = BUILT_PRODUCTS_DIR; };
		8F1F5F431E7180EE009771D5 /* AppDelegate.swift */ = {isa = PBXFileReference; lastKnownFileType = sourcecode.swift; path = AppDelegate.swift; sourceTree = "<group>"; };
		8F1F5F4A1E7180EE009771D5 /* Assets.xcassets */ = {isa = PBXFileReference; lastKnownFileType = folder.assetcatalog; path = Assets.xcassets; sourceTree = "<group>"; };
		8F1F5F4D1E7180EE009771D5 /* Base */ = {isa = PBXFileReference; lastKnownFileType = file.storyboard; name = Base; path = Base.lproj/LaunchScreen.storyboard; sourceTree = "<group>"; };
		8F1F5F4F1E7180EE009771D5 /* Info.plist */ = {isa = PBXFileReference; lastKnownFileType = text.plist.xml; path = Info.plist; sourceTree = "<group>"; };
		8F1F5F541E7180EE009771D5 /* SwiftProjectTests.xctest */ = {isa = PBXFileReference; explicitFileType = wrapper.cfbundle; includeInIndex = 0; path = SwiftProjectTests.xctest; sourceTree = BUILT_PRODUCTS_DIR; };
		8F1F5F581E7180EE009771D5 /* SwiftProjectTests.swift */ = {isa = PBXFileReference; lastKnownFileType = sourcecode.swift; path = SwiftProjectTests.swift; sourceTree = "<group>"; };
		8F1F5F5A1E7180EE009771D5 /* Info.plist */ = {isa = PBXFileReference; lastKnownFileType = text.plist.xml; path = Info.plist; sourceTree = "<group>"; };
		8F1F5F5F1E7180EE009771D5 /* SwiftProjectUITests.xctest */ = {isa = PBXFileReference; explicitFileType = wrapper.cfbundle; includeInIndex = 0; path = SwiftProjectUITests.xctest; sourceTree = BUILT_PRODUCTS_DIR; };
		8F1F5F631E7180EE009771D5 /* SwiftProjectUITests.swift */ = {isa = PBXFileReference; lastKnownFileType = sourcecode.swift; path = SwiftProjectUITests.swift; sourceTree = "<group>"; };
		8F1F5F651E7180EE009771D5 /* Info.plist */ = {isa = PBXFileReference; lastKnownFileType = text.plist.xml; path = Info.plist; sourceTree = "<group>"; };
		8F1F5F7A1E7185B7009771D5 /* LMBasicViewController.swift */ = {isa = PBXFileReference; fileEncoding = 4; lastKnownFileType = sourcecode.swift; path = LMBasicViewController.swift; sourceTree = "<group>"; };
		8F1F5F7C1E7185DC009771D5 /* LMTabBarController.swift */ = {isa = PBXFileReference; fileEncoding = 4; lastKnownFileType = sourcecode.swift; path = LMTabBarController.swift; sourceTree = "<group>"; };
		9214216AD84F0E52F37FDFBB /* Pods-SwiftProject.debug.xcconfig */ = {isa = PBXFileReference; includeInIndex = 1; lastKnownFileType = text.xcconfig; name = "Pods-SwiftProject.debug.xcconfig"; path = "Pods/Target Support Files/Pods-SwiftProject/Pods-SwiftProject.debug.xcconfig"; sourceTree = "<group>"; };
		B8E2B38E9B144D7CDE4BEF04 /* Pods-SwiftProjectUITests.release.xcconfig */ = {isa = PBXFileReference; includeInIndex = 1; lastKnownFileType = text.xcconfig; name = "Pods-SwiftProjectUITests.release.xcconfig"; path = "Pods/Target Support Files/Pods-SwiftProjectUITests/Pods-SwiftProjectUITests.release.xcconfig"; sourceTree = "<group>"; };
		E70A1AC1F994421176BCA32A /* Pods-SwiftProject.release.xcconfig */ = {isa = PBXFileReference; includeInIndex = 1; lastKnownFileType = text.xcconfig; name = "Pods-SwiftProject.release.xcconfig"; path = "Pods/Target Support Files/Pods-SwiftProject/Pods-SwiftProject.release.xcconfig"; sourceTree = "<group>"; };
		F5D3897B7648942364B164F2 /* Pods-SwiftProjectTests.debug.xcconfig */ = {isa = PBXFileReference; includeInIndex = 1; lastKnownFileType = text.xcconfig; name = "Pods-SwiftProjectTests.debug.xcconfig"; path = "Pods/Target Support Files/Pods-SwiftProjectTests/Pods-SwiftProjectTests.debug.xcconfig"; sourceTree = "<group>"; };
		F71AEA591E837F0500746158 /* LMLoginVC.swift */ = {isa = PBXFileReference; fileEncoding = 4; lastKnownFileType = sourcecode.swift; path = LMLoginVC.swift; sourceTree = "<group>"; };
		F71AEA5D1E837F1800746158 /* LMLoginModel.swift */ = {isa = PBXFileReference; fileEncoding = 4; lastKnownFileType = sourcecode.swift; path = LMLoginModel.swift; sourceTree = "<group>"; };
		F71AEA5F1E837F2700746158 /* LMLoginViewModel.swift */ = {isa = PBXFileReference; fileEncoding = 4; lastKnownFileType = sourcecode.swift; path = LMLoginViewModel.swift; sourceTree = "<group>"; };
		F71AEA611E837FB000746158 /* LMLoginView.swift */ = {isa = PBXFileReference; fileEncoding = 4; lastKnownFileType = sourcecode.swift; path = LMLoginView.swift; sourceTree = "<group>"; };
		F733CE461E84B8960075553B /* LMKeyboardProtocol.swift */ = {isa = PBXFileReference; fileEncoding = 4; lastKnownFileType = sourcecode.swift; path = LMKeyboardProtocol.swift; sourceTree = "<group>"; };
		F746AB041E8A629500355F88 /* SwiftProject-Bridging-Header.h */ = {isa = PBXFileReference; lastKnownFileType = sourcecode.c.h; path = "SwiftProject-Bridging-Header.h"; sourceTree = "<group>"; };
		F7612F3C1E83B48700E50C00 /* Header.swift */ = {isa = PBXFileReference; fileEncoding = 4; lastKnownFileType = sourcecode.swift; path = Header.swift; sourceTree = "<group>"; };
		F7ED0AB81E8A0FAB001B1959 /* LMHTTPRequset.swift */ = {isa = PBXFileReference; fileEncoding = 4; lastKnownFileType = sourcecode.swift; path = LMHTTPRequset.swift; sourceTree = "<group>"; };
		F8AFE17E92C4E3E4401EFD0F /* Pods_SwiftProject.framework */ = {isa = PBXFileReference; explicitFileType = wrapper.framework; includeInIndex = 0; path = Pods_SwiftProject.framework; sourceTree = BUILT_PRODUCTS_DIR; };
		FF10364E74FD2AEBA1EA4A65 /* Pods-SwiftProjectTests.release.xcconfig */ = {isa = PBXFileReference; includeInIndex = 1; lastKnownFileType = text.xcconfig; name = "Pods-SwiftProjectTests.release.xcconfig"; path = "Pods/Target Support Files/Pods-SwiftProjectTests/Pods-SwiftProjectTests.release.xcconfig"; sourceTree = "<group>"; };
/* End PBXFileReference section */

/* Begin PBXFrameworksBuildPhase section */
		8F1F5F3D1E7180EE009771D5 /* Frameworks */ = {
			isa = PBXFrameworksBuildPhase;
			buildActionMask = 2147483647;
			files = (
				D8992B2B28CEEC56CA3CFA97 /* Pods_SwiftProject.framework in Frameworks */,
			);
			runOnlyForDeploymentPostprocessing = 0;
		};
		8F1F5F511E7180EE009771D5 /* Frameworks */ = {
			isa = PBXFrameworksBuildPhase;
			buildActionMask = 2147483647;
			files = (
				F7A8B3534E5B05BCEB0AC995 /* Pods_SwiftProjectTests.framework in Frameworks */,
			);
			runOnlyForDeploymentPostprocessing = 0;
		};
		8F1F5F5C1E7180EE009771D5 /* Frameworks */ = {
			isa = PBXFrameworksBuildPhase;
			buildActionMask = 2147483647;
			files = (
				8C38DE396CBC1B0B6D5FAD89 /* Pods_SwiftProjectUITests.framework in Frameworks */,
			);
			runOnlyForDeploymentPostprocessing = 0;
		};
/* End PBXFrameworksBuildPhase section */

/* Begin PBXGroup section */
		04E9E460E4E88B5301FEDAF6 /* Frameworks */ = {
			isa = PBXGroup;
			children = (
				F8AFE17E92C4E3E4401EFD0F /* Pods_SwiftProject.framework */,
				07A297778F7AC07460D14E13 /* Pods_SwiftProjectTests.framework */,
				669179AF2376AFA1126C9729 /* Pods_SwiftProjectUITests.framework */,
			);
			name = Frameworks;
			sourceTree = "<group>";
		};
		8F1F5F371E7180EE009771D5 = {
			isa = PBXGroup;
			children = (
				8F1F5F421E7180EE009771D5 /* SwiftProject */,
				8F1F5F571E7180EE009771D5 /* SwiftProjectTests */,
				8F1F5F621E7180EE009771D5 /* SwiftProjectUITests */,
				8F1F5F411E7180EE009771D5 /* Products */,
				CDED5CF595ECAD450293DE21 /* Pods */,
				04E9E460E4E88B5301FEDAF6 /* Frameworks */,
			);
			sourceTree = "<group>";
		};
		8F1F5F411E7180EE009771D5 /* Products */ = {
			isa = PBXGroup;
			children = (
				8F1F5F401E7180EE009771D5 /* SwiftProject.app */,
				8F1F5F541E7180EE009771D5 /* SwiftProjectTests.xctest */,
				8F1F5F5F1E7180EE009771D5 /* SwiftProjectUITests.xctest */,
			);
			name = Products;
			sourceTree = "<group>";
		};
		8F1F5F421E7180EE009771D5 /* SwiftProject */ = {
			isa = PBXGroup;
			children = (
				8F1F5F711E7181DC009771D5 /* Library */,
				8F1F5F721E7181EC009771D5 /* Macro */,
				8F1F5F731E7181F6009771D5 /* Protocol */,
				8F1F5F741E7181FE009771D5 /* Public */,
				8F1F5F751E718204009771D5 /* SingleCase */,
				8F1F5F761E71820B009771D5 /* Tools */,
				F71AEA561E837F0500746158 /* Login */,
				8F1F5F431E7180EE009771D5 /* AppDelegate.swift */,
				F7612F3C1E83B48700E50C00 /* Header.swift */,
				8F1F5F4A1E7180EE009771D5 /* Assets.xcassets */,
				8F1F5F4C1E7180EE009771D5 /* LaunchScreen.storyboard */,
				8F1F5F4F1E7180EE009771D5 /* Info.plist */,
				F746AB041E8A629500355F88 /* SwiftProject-Bridging-Header.h */,
			);
			path = SwiftProject;
			sourceTree = "<group>";
		};
		8F1F5F571E7180EE009771D5 /* SwiftProjectTests */ = {
			isa = PBXGroup;
			children = (
				8F1F5F581E7180EE009771D5 /* SwiftProjectTests.swift */,
				8F1F5F5A1E7180EE009771D5 /* Info.plist */,
			);
			path = SwiftProjectTests;
			sourceTree = "<group>";
		};
		8F1F5F621E7180EE009771D5 /* SwiftProjectUITests */ = {
			isa = PBXGroup;
			children = (
				8F1F5F631E7180EE009771D5 /* SwiftProjectUITests.swift */,
				8F1F5F651E7180EE009771D5 /* Info.plist */,
			);
			path = SwiftProjectUITests;
			sourceTree = "<group>";
		};
		8F1F5F711E7181DC009771D5 /* Library */ = {
			isa = PBXGroup;
			children = (
			);
			path = Library;
			sourceTree = "<group>";
		};
		8F1F5F721E7181EC009771D5 /* Macro */ = {
			isa = PBXGroup;
			children = (
			);
			path = Macro;
			sourceTree = "<group>";
		};
		8F1F5F731E7181F6009771D5 /* Protocol */ = {
			isa = PBXGroup;
			children = (
				F733CE461E84B8960075553B /* LMKeyboardProtocol.swift */,
				F7ED0AB81E8A0FAB001B1959 /* LMHTTPRequset.swift */,
			);
			path = Protocol;
			sourceTree = "<group>";
		};
		8F1F5F741E7181FE009771D5 /* Public */ = {
			isa = PBXGroup;
			children = (
				8F1F5F7A1E7185B7009771D5 /* LMBasicViewController.swift */,
				8F1F5F7C1E7185DC009771D5 /* LMTabBarController.swift */,
			);
			path = Public;
			sourceTree = "<group>";
		};
		8F1F5F751E718204009771D5 /* SingleCase */ = {
			isa = PBXGroup;
			children = (
			);
			path = SingleCase;
			sourceTree = "<group>";
		};
		8F1F5F761E71820B009771D5 /* Tools */ = {
			isa = PBXGroup;
			children = (
			);
			path = Tools;
			sourceTree = "<group>";
		};
		CDED5CF595ECAD450293DE21 /* Pods */ = {
			isa = PBXGroup;
			children = (
				9214216AD84F0E52F37FDFBB /* Pods-SwiftProject.debug.xcconfig */,
				E70A1AC1F994421176BCA32A /* Pods-SwiftProject.release.xcconfig */,
				F5D3897B7648942364B164F2 /* Pods-SwiftProjectTests.debug.xcconfig */,
				FF10364E74FD2AEBA1EA4A65 /* Pods-SwiftProjectTests.release.xcconfig */,
				20656D8F15E36A291E97FAB7 /* Pods-SwiftProjectUITests.debug.xcconfig */,
				B8E2B38E9B144D7CDE4BEF04 /* Pods-SwiftProjectUITests.release.xcconfig */,
			);
			name = Pods;
			sourceTree = "<group>";
		};
		F71AEA561E837F0500746158 /* Login */ = {
			isa = PBXGroup;
			children = (
				F71AEA571E837F0500746158 /* Models */,
				F71AEA581E837F0500746158 /* ViewControllers */,
				F71AEA5A1E837F0500746158 /* ViewModels */,
				F71AEA5B1E837F0500746158 /* Views */,
			);
			path = Login;
			sourceTree = "<group>";
		};
		F71AEA571E837F0500746158 /* Models */ = {
			isa = PBXGroup;
			children = (
				F71AEA5D1E837F1800746158 /* LMLoginModel.swift */,
			);
			path = Models;
			sourceTree = "<group>";
		};
		F71AEA581E837F0500746158 /* ViewControllers */ = {
			isa = PBXGroup;
			children = (
				F71AEA591E837F0500746158 /* LMLoginVC.swift */,
			);
			path = ViewControllers;
			sourceTree = "<group>";
		};
		F71AEA5A1E837F0500746158 /* ViewModels */ = {
			isa = PBXGroup;
			children = (
				F71AEA5F1E837F2700746158 /* LMLoginViewModel.swift */,
			);
			path = ViewModels;
			sourceTree = "<group>";
		};
		F71AEA5B1E837F0500746158 /* Views */ = {
			isa = PBXGroup;
			children = (
				F71AEA611E837FB000746158 /* LMLoginView.swift */,
			);
			path = Views;
			sourceTree = "<group>";
		};
/* End PBXGroup section */

/* Begin PBXNativeTarget section */
		8F1F5F3F1E7180EE009771D5 /* SwiftProject */ = {
			isa = PBXNativeTarget;
			buildConfigurationList = 8F1F5F681E7180EE009771D5 /* Build configuration list for PBXNativeTarget "SwiftProject" */;
			buildPhases = (
				B64D24FFDD38712C3EE8C984 /* [CP] Check Pods Manifest.lock */,
				8F1F5F3C1E7180EE009771D5 /* Sources */,
				8F1F5F3D1E7180EE009771D5 /* Frameworks */,
				8F1F5F3E1E7180EE009771D5 /* Resources */,
				F4CA7152406588A297019B2B /* [CP] Embed Pods Frameworks */,
				2A13096E81A85372119D34AE /* [CP] Copy Pods Resources */,
			);
			buildRules = (
			);
			dependencies = (
			);
			name = SwiftProject;
			productName = SwiftProject;
			productReference = 8F1F5F401E7180EE009771D5 /* SwiftProject.app */;
			productType = "com.apple.product-type.application";
		};
		8F1F5F531E7180EE009771D5 /* SwiftProjectTests */ = {
			isa = PBXNativeTarget;
			buildConfigurationList = 8F1F5F6B1E7180EE009771D5 /* Build configuration list for PBXNativeTarget "SwiftProjectTests" */;
			buildPhases = (
				D75A1AED18F1A786D5DE2273 /* [CP] Check Pods Manifest.lock */,
				8F1F5F501E7180EE009771D5 /* Sources */,
				8F1F5F511E7180EE009771D5 /* Frameworks */,
				8F1F5F521E7180EE009771D5 /* Resources */,
				18197354B184822D559A537C /* [CP] Embed Pods Frameworks */,
				4FEB3CD8CBCC713F866C3C13 /* [CP] Copy Pods Resources */,
			);
			buildRules = (
			);
			dependencies = (
				8F1F5F561E7180EE009771D5 /* PBXTargetDependency */,
			);
			name = SwiftProjectTests;
			productName = SwiftProjectTests;
			productReference = 8F1F5F541E7180EE009771D5 /* SwiftProjectTests.xctest */;
			productType = "com.apple.product-type.bundle.unit-test";
		};
		8F1F5F5E1E7180EE009771D5 /* SwiftProjectUITests */ = {
			isa = PBXNativeTarget;
			buildConfigurationList = 8F1F5F6E1E7180EE009771D5 /* Build configuration list for PBXNativeTarget "SwiftProjectUITests" */;
			buildPhases = (
				3A0DF7A3FE3DFD8BB8535FB5 /* [CP] Check Pods Manifest.lock */,
				8F1F5F5B1E7180EE009771D5 /* Sources */,
				8F1F5F5C1E7180EE009771D5 /* Frameworks */,
				8F1F5F5D1E7180EE009771D5 /* Resources */,
				C511D8CA64CD6B75C620A9D5 /* [CP] Embed Pods Frameworks */,
				A688B8970A47DF1502734D97 /* [CP] Copy Pods Resources */,
			);
			buildRules = (
			);
			dependencies = (
				8F1F5F611E7180EE009771D5 /* PBXTargetDependency */,
			);
			name = SwiftProjectUITests;
			productName = SwiftProjectUITests;
			productReference = 8F1F5F5F1E7180EE009771D5 /* SwiftProjectUITests.xctest */;
			productType = "com.apple.product-type.bundle.ui-testing";
		};
/* End PBXNativeTarget section */

/* Begin PBXProject section */
		8F1F5F381E7180EE009771D5 /* Project object */ = {
			isa = PBXProject;
			attributes = {
				CLASSPREFIX = LM;
				LastSwiftUpdateCheck = 0820;
				LastUpgradeCheck = 0820;
				ORGANIZATIONNAME = lemon;
				TargetAttributes = {
					8F1F5F3F1E7180EE009771D5 = {
						CreatedOnToolsVersion = 8.2.1;
						LastSwiftMigration = 0820;
						ProvisioningStyle = Automatic;
					};
					8F1F5F531E7180EE009771D5 = {
						CreatedOnToolsVersion = 8.2.1;
						ProvisioningStyle = Automatic;
						TestTargetID = 8F1F5F3F1E7180EE009771D5;
					};
					8F1F5F5E1E7180EE009771D5 = {
						CreatedOnToolsVersion = 8.2.1;
						ProvisioningStyle = Automatic;
						TestTargetID = 8F1F5F3F1E7180EE009771D5;
					};
				};
			};
			buildConfigurationList = 8F1F5F3B1E7180EE009771D5 /* Build configuration list for PBXProject "SwiftProject" */;
			compatibilityVersion = "Xcode 3.2";
			developmentRegion = English;
			hasScannedForEncodings = 0;
			knownRegions = (
				en,
				Base,
			);
			mainGroup = 8F1F5F371E7180EE009771D5;
			productRefGroup = 8F1F5F411E7180EE009771D5 /* Products */;
			projectDirPath = "";
			projectRoot = "";
			targets = (
				8F1F5F3F1E7180EE009771D5 /* SwiftProject */,
				8F1F5F531E7180EE009771D5 /* SwiftProjectTests */,
				8F1F5F5E1E7180EE009771D5 /* SwiftProjectUITests */,
			);
		};
/* End PBXProject section */

/* Begin PBXResourcesBuildPhase section */
		8F1F5F3E1E7180EE009771D5 /* Resources */ = {
			isa = PBXResourcesBuildPhase;
			buildActionMask = 2147483647;
			files = (
				8F1F5F4E1E7180EE009771D5 /* LaunchScreen.storyboard in Resources */,
				8F1F5F4B1E7180EE009771D5 /* Assets.xcassets in Resources */,
			);
			runOnlyForDeploymentPostprocessing = 0;
		};
		8F1F5F521E7180EE009771D5 /* Resources */ = {
			isa = PBXResourcesBuildPhase;
			buildActionMask = 2147483647;
			files = (
			);
			runOnlyForDeploymentPostprocessing = 0;
		};
		8F1F5F5D1E7180EE009771D5 /* Resources */ = {
			isa = PBXResourcesBuildPhase;
			buildActionMask = 2147483647;
			files = (
			);
			runOnlyForDeploymentPostprocessing = 0;
		};
/* End PBXResourcesBuildPhase section */

/* Begin PBXShellScriptBuildPhase section */
		18197354B184822D559A537C /* [CP] Embed Pods Frameworks */ = {
			isa = PBXShellScriptBuildPhase;
			buildActionMask = 2147483647;
			files = (
			);
			inputPaths = (
			);
			name = "[CP] Embed Pods Frameworks";
			outputPaths = (
			);
			runOnlyForDeploymentPostprocessing = 0;
			shellPath = /bin/sh;
			shellScript = "\"${SRCROOT}/Pods/Target Support Files/Pods-SwiftProjectTests/Pods-SwiftProjectTests-frameworks.sh\"\n";
			showEnvVarsInLog = 0;
		};
		2A13096E81A85372119D34AE /* [CP] Copy Pods Resources */ = {
			isa = PBXShellScriptBuildPhase;
			buildActionMask = 2147483647;
			files = (
			);
			inputPaths = (
			);
			name = "[CP] Copy Pods Resources";
			outputPaths = (
			);
			runOnlyForDeploymentPostprocessing = 0;
			shellPath = /bin/sh;
			shellScript = "\"${SRCROOT}/Pods/Target Support Files/Pods-SwiftProject/Pods-SwiftProject-resources.sh\"\n";
			showEnvVarsInLog = 0;
		};
		3A0DF7A3FE3DFD8BB8535FB5 /* [CP] Check Pods Manifest.lock */ = {
			isa = PBXShellScriptBuildPhase;
			buildActionMask = 2147483647;
			files = (
			);
			inputPaths = (
			);
			name = "[CP] Check Pods Manifest.lock";
			outputPaths = (
			);
			runOnlyForDeploymentPostprocessing = 0;
			shellPath = /bin/sh;
			shellScript = "diff \"${PODS_ROOT}/../Podfile.lock\" \"${PODS_ROOT}/Manifest.lock\" > /dev/null\nif [ $? != 0 ] ; then\n    # print error to STDERR\n    echo \"error: The sandbox is not in sync with the Podfile.lock. Run 'pod install' or update your CocoaPods installation.\" >&2\n    exit 1\nfi\n";
			showEnvVarsInLog = 0;
		};
		4FEB3CD8CBCC713F866C3C13 /* [CP] Copy Pods Resources */ = {
			isa = PBXShellScriptBuildPhase;
			buildActionMask = 2147483647;
			files = (
			);
			inputPaths = (
			);
			name = "[CP] Copy Pods Resources";
			outputPaths = (
			);
			runOnlyForDeploymentPostprocessing = 0;
			shellPath = /bin/sh;
			shellScript = "\"${SRCROOT}/Pods/Target Support Files/Pods-SwiftProjectTests/Pods-SwiftProjectTests-resources.sh\"\n";
			showEnvVarsInLog = 0;
		};
		A688B8970A47DF1502734D97 /* [CP] Copy Pods Resources */ = {
			isa = PBXShellScriptBuildPhase;
			buildActionMask = 2147483647;
			files = (
			);
			inputPaths = (
			);
			name = "[CP] Copy Pods Resources";
			outputPaths = (
			);
			runOnlyForDeploymentPostprocessing = 0;
			shellPath = /bin/sh;
			shellScript = "\"${SRCROOT}/Pods/Target Support Files/Pods-SwiftProjectUITests/Pods-SwiftProjectUITests-resources.sh\"\n";
			showEnvVarsInLog = 0;
		};
		B64D24FFDD38712C3EE8C984 /* [CP] Check Pods Manifest.lock */ = {
			isa = PBXShellScriptBuildPhase;
			buildActionMask = 2147483647;
			files = (
			);
			inputPaths = (
			);
			name = "[CP] Check Pods Manifest.lock";
			outputPaths = (
			);
			runOnlyForDeploymentPostprocessing = 0;
			shellPath = /bin/sh;
			shellScript = "diff \"${PODS_ROOT}/../Podfile.lock\" \"${PODS_ROOT}/Manifest.lock\" > /dev/null\nif [ $? != 0 ] ; then\n    # print error to STDERR\n    echo \"error: The sandbox is not in sync with the Podfile.lock. Run 'pod install' or update your CocoaPods installation.\" >&2\n    exit 1\nfi\n";
			showEnvVarsInLog = 0;
		};
		C511D8CA64CD6B75C620A9D5 /* [CP] Embed Pods Frameworks */ = {
			isa = PBXShellScriptBuildPhase;
			buildActionMask = 2147483647;
			files = (
			);
			inputPaths = (
			);
			name = "[CP] Embed Pods Frameworks";
			outputPaths = (
			);
			runOnlyForDeploymentPostprocessing = 0;
			shellPath = /bin/sh;
			shellScript = "\"${SRCROOT}/Pods/Target Support Files/Pods-SwiftProjectUITests/Pods-SwiftProjectUITests-frameworks.sh\"\n";
			showEnvVarsInLog = 0;
		};
		D75A1AED18F1A786D5DE2273 /* [CP] Check Pods Manifest.lock */ = {
			isa = PBXShellScriptBuildPhase;
			buildActionMask = 2147483647;
			files = (
			);
			inputPaths = (
			);
			name = "[CP] Check Pods Manifest.lock";
			outputPaths = (
			);
			runOnlyForDeploymentPostprocessing = 0;
			shellPath = /bin/sh;
			shellScript = "diff \"${PODS_ROOT}/../Podfile.lock\" \"${PODS_ROOT}/Manifest.lock\" > /dev/null\nif [ $? != 0 ] ; then\n    # print error to STDERR\n    echo \"error: The sandbox is not in sync with the Podfile.lock. Run 'pod install' or update your CocoaPods installation.\" >&2\n    exit 1\nfi\n";
			showEnvVarsInLog = 0;
		};
		F4CA7152406588A297019B2B /* [CP] Embed Pods Frameworks */ = {
			isa = PBXShellScriptBuildPhase;
			buildActionMask = 2147483647;
			files = (
			);
			inputPaths = (
			);
			name = "[CP] Embed Pods Frameworks";
			outputPaths = (
			);
			runOnlyForDeploymentPostprocessing = 0;
			shellPath = /bin/sh;
			shellScript = "\"${SRCROOT}/Pods/Target Support Files/Pods-SwiftProject/Pods-SwiftProject-frameworks.sh\"\n";
			showEnvVarsInLog = 0;
		};
/* End PBXShellScriptBuildPhase section */

/* Begin PBXSourcesBuildPhase section */
		8F1F5F3C1E7180EE009771D5 /* Sources */ = {
			isa = PBXSourcesBuildPhase;
			buildActionMask = 2147483647;
			files = (
				F7612F3D1E83B48700E50C00 /* Header.swift in Sources */,
				F733CE471E84B8960075553B /* LMKeyboardProtocol.swift in Sources */,
				F71AEA621E837FB000746158 /* LMLoginView.swift in Sources */,
				8F1F5F7D1E7185DC009771D5 /* LMTabBarController.swift in Sources */,
				F71AEA5E1E837F1800746158 /* LMLoginModel.swift in Sources */,
				F71AEA5C1E837F0500746158 /* LMLoginVC.swift in Sources */,
				F7ED0AB91E8A0FAB001B1959 /* LMHTTPRequset.swift in Sources */,
				8F1F5F7B1E7185B7009771D5 /* LMBasicViewController.swift in Sources */,
				8F1F5F441E7180EE009771D5 /* AppDelegate.swift in Sources */,
				F71AEA601E837F2700746158 /* LMLoginViewModel.swift in Sources */,
			);
			runOnlyForDeploymentPostprocessing = 0;
		};
		8F1F5F501E7180EE009771D5 /* Sources */ = {
			isa = PBXSourcesBuildPhase;
			buildActionMask = 2147483647;
			files = (
				8F1F5F591E7180EE009771D5 /* SwiftProjectTests.swift in Sources */,
			);
			runOnlyForDeploymentPostprocessing = 0;
		};
		8F1F5F5B1E7180EE009771D5 /* Sources */ = {
			isa = PBXSourcesBuildPhase;
			buildActionMask = 2147483647;
			files = (
				8F1F5F641E7180EE009771D5 /* SwiftProjectUITests.swift in Sources */,
			);
			runOnlyForDeploymentPostprocessing = 0;
		};
/* End PBXSourcesBuildPhase section */

/* Begin PBXTargetDependency section */
		8F1F5F561E7180EE009771D5 /* PBXTargetDependency */ = {
			isa = PBXTargetDependency;
			target = 8F1F5F3F1E7180EE009771D5 /* SwiftProject */;
			targetProxy = 8F1F5F551E7180EE009771D5 /* PBXContainerItemProxy */;
		};
		8F1F5F611E7180EE009771D5 /* PBXTargetDependency */ = {
			isa = PBXTargetDependency;
			target = 8F1F5F3F1E7180EE009771D5 /* SwiftProject */;
			targetProxy = 8F1F5F601E7180EE009771D5 /* PBXContainerItemProxy */;
		};
/* End PBXTargetDependency section */

/* Begin PBXVariantGroup section */
		8F1F5F4C1E7180EE009771D5 /* LaunchScreen.storyboard */ = {
			isa = PBXVariantGroup;
			children = (
				8F1F5F4D1E7180EE009771D5 /* Base */,
			);
			name = LaunchScreen.storyboard;
			sourceTree = "<group>";
		};
/* End PBXVariantGroup section */

/* Begin XCBuildConfiguration section */
		8F1F5F661E7180EE009771D5 /* Debug */ = {
			isa = XCBuildConfiguration;
			buildSettings = {
				ALWAYS_SEARCH_USER_PATHS = NO;
				CLANG_ANALYZER_NONNULL = YES;
				CLANG_CXX_LANGUAGE_STANDARD = "gnu++0x";
				CLANG_CXX_LIBRARY = "libc++";
				CLANG_ENABLE_MODULES = YES;
				CLANG_ENABLE_OBJC_ARC = YES;
				CLANG_WARN_BOOL_CONVERSION = YES;
				CLANG_WARN_CONSTANT_CONVERSION = YES;
				CLANG_WARN_DIRECT_OBJC_ISA_USAGE = YES_ERROR;
				CLANG_WARN_DOCUMENTATION_COMMENTS = YES;
				CLANG_WARN_EMPTY_BODY = YES;
				CLANG_WARN_ENUM_CONVERSION = YES;
				CLANG_WARN_INFINITE_RECURSION = YES;
				CLANG_WARN_INT_CONVERSION = YES;
				CLANG_WARN_OBJC_ROOT_CLASS = YES_ERROR;
				CLANG_WARN_SUSPICIOUS_MOVE = YES;
				CLANG_WARN_UNREACHABLE_CODE = YES;
				CLANG_WARN__DUPLICATE_METHOD_MATCH = YES;
				"CODE_SIGN_IDENTITY[sdk=iphoneos*]" = "iPhone Developer";
				COPY_PHASE_STRIP = NO;
				DEBUG_INFORMATION_FORMAT = dwarf;
				ENABLE_STRICT_OBJC_MSGSEND = YES;
				ENABLE_TESTABILITY = YES;
				GCC_C_LANGUAGE_STANDARD = gnu99;
				GCC_DYNAMIC_NO_PIC = NO;
				GCC_NO_COMMON_BLOCKS = YES;
				GCC_OPTIMIZATION_LEVEL = 0;
				GCC_PREPROCESSOR_DEFINITIONS = (
					"DEBUG=1",
					"$(inherited)",
				);
				GCC_WARN_64_TO_32_BIT_CONVERSION = YES;
				GCC_WARN_ABOUT_RETURN_TYPE = YES_ERROR;
				GCC_WARN_UNDECLARED_SELECTOR = YES;
				GCC_WARN_UNINITIALIZED_AUTOS = YES_AGGRESSIVE;
				GCC_WARN_UNUSED_FUNCTION = YES;
				GCC_WARN_UNUSED_VARIABLE = YES;
				IPHONEOS_DEPLOYMENT_TARGET = 10.2;
				MTL_ENABLE_DEBUG_INFO = YES;
				ONLY_ACTIVE_ARCH = YES;
				SDKROOT = iphoneos;
				SWIFT_ACTIVE_COMPILATION_CONDITIONS = DEBUG;
				SWIFT_OPTIMIZATION_LEVEL = "-Onone";
				TARGETED_DEVICE_FAMILY = "1,2";
			};
			name = Debug;
		};
		8F1F5F671E7180EE009771D5 /* Release */ = {
			isa = XCBuildConfiguration;
			buildSettings = {
				ALWAYS_SEARCH_USER_PATHS = NO;
				CLANG_ANALYZER_NONNULL = YES;
				CLANG_CXX_LANGUAGE_STANDARD = "gnu++0x";
				CLANG_CXX_LIBRARY = "libc++";
				CLANG_ENABLE_MODULES = YES;
				CLANG_ENABLE_OBJC_ARC = YES;
				CLANG_WARN_BOOL_CONVERSION = YES;
				CLANG_WARN_CONSTANT_CONVERSION = YES;
				CLANG_WARN_DIRECT_OBJC_ISA_USAGE = YES_ERROR;
				CLANG_WARN_DOCUMENTATION_COMMENTS = YES;
				CLANG_WARN_EMPTY_BODY = YES;
				CLANG_WARN_ENUM_CONVERSION = YES;
				CLANG_WARN_INFINITE_RECURSION = YES;
				CLANG_WARN_INT_CONVERSION = YES;
				CLANG_WARN_OBJC_ROOT_CLASS = YES_ERROR;
				CLANG_WARN_SUSPICIOUS_MOVE = YES;
				CLANG_WARN_UNREACHABLE_CODE = YES;
				CLANG_WARN__DUPLICATE_METHOD_MATCH = YES;
				"CODE_SIGN_IDENTITY[sdk=iphoneos*]" = "iPhone Developer";
				COPY_PHASE_STRIP = NO;
				DEBUG_INFORMATION_FORMAT = "dwarf-with-dsym";
				ENABLE_NS_ASSERTIONS = NO;
				ENABLE_STRICT_OBJC_MSGSEND = YES;
				GCC_C_LANGUAGE_STANDARD = gnu99;
				GCC_NO_COMMON_BLOCKS = YES;
				GCC_WARN_64_TO_32_BIT_CONVERSION = YES;
				GCC_WARN_ABOUT_RETURN_TYPE = YES_ERROR;
				GCC_WARN_UNDECLARED_SELECTOR = YES;
				GCC_WARN_UNINITIALIZED_AUTOS = YES_AGGRESSIVE;
				GCC_WARN_UNUSED_FUNCTION = YES;
				GCC_WARN_UNUSED_VARIABLE = YES;
				IPHONEOS_DEPLOYMENT_TARGET = 10.2;
				MTL_ENABLE_DEBUG_INFO = NO;
				SDKROOT = iphoneos;
				SWIFT_OPTIMIZATION_LEVEL = "-Owholemodule";
				TARGETED_DEVICE_FAMILY = "1,2";
				VALIDATE_PRODUCT = YES;
			};
			name = Release;
		};
		8F1F5F691E7180EE009771D5 /* Debug */ = {
			isa = XCBuildConfiguration;
			baseConfigurationReference = 9214216AD84F0E52F37FDFBB /* Pods-SwiftProject.debug.xcconfig */;
			buildSettings = {
				ASSETCATALOG_COMPILER_APPICON_NAME = AppIcon;
				CLANG_ENABLE_MODULES = YES;
				DEVELOPMENT_TEAM = "";
				GCC_PREFIX_HEADER = "";
				INFOPLIST_FILE = SwiftProject/Info.plist;
				IPHONEOS_DEPLOYMENT_TARGET = 8.0;
				LD_RUNPATH_SEARCH_PATHS = "$(inherited) @executable_path/Frameworks";
				PRODUCT_BUNDLE_IDENTIFIER = com.lemon.www.SwiftProject;
				PRODUCT_NAME = "$(TARGET_NAME)";
				SWIFT_OBJC_BRIDGING_HEADER = "SwiftProject/SwiftProject-Bridging-Header.h";
				SWIFT_OPTIMIZATION_LEVEL = "-Onone";
				SWIFT_VERSION = 3.0;
				USER_HEADER_SEARCH_PATHS = "";
			};
			name = Debug;
		};
		8F1F5F6A1E7180EE009771D5 /* Release */ = {
			isa = XCBuildConfiguration;
			baseConfigurationReference = E70A1AC1F994421176BCA32A /* Pods-SwiftProject.release.xcconfig */;
			buildSettings = {
				ASSETCATALOG_COMPILER_APPICON_NAME = AppIcon;
				CLANG_ENABLE_MODULES = YES;
				DEVELOPMENT_TEAM = "";
				GCC_PREFIX_HEADER = "";
				INFOPLIST_FILE = SwiftProject/Info.plist;
				IPHONEOS_DEPLOYMENT_TARGET = 8.0;
				LD_RUNPATH_SEARCH_PATHS = "$(inherited) @executable_path/Frameworks";
				PRODUCT_BUNDLE_IDENTIFIER = com.lemon.www.SwiftProject;
				PRODUCT_NAME = "$(TARGET_NAME)";
				SWIFT_OBJC_BRIDGING_HEADER = "SwiftProject/SwiftProject-Bridging-Header.h";
				SWIFT_VERSION = 3.0;
				USER_HEADER_SEARCH_PATHS = "";
			};
			name = Release;
		};
		8F1F5F6C1E7180EE009771D5 /* Debug */ = {
			isa = XCBuildConfiguration;
			baseConfigurationReference = F5D3897B7648942364B164F2 /* Pods-SwiftProjectTests.debug.xcconfig */;
			buildSettings = {
				ALWAYS_EMBED_SWIFT_STANDARD_LIBRARIES = YES;
				BUNDLE_LOADER = "$(TEST_HOST)";
				INFOPLIST_FILE = SwiftProjectTests/Info.plist;
				LD_RUNPATH_SEARCH_PATHS = "$(inherited) @executable_path/Frameworks @loader_path/Frameworks";
				PRODUCT_BUNDLE_IDENTIFIER = com.lemon.www.SwiftProjectTests;
				PRODUCT_NAME = "$(TARGET_NAME)";
				SWIFT_VERSION = 3.0;
				TEST_HOST = "$(BUILT_PRODUCTS_DIR)/SwiftProject.app/SwiftProject";
			};
			name = Debug;
		};
		8F1F5F6D1E7180EE009771D5 /* Release */ = {
			isa = XCBuildConfiguration;
			baseConfigurationReference = FF10364E74FD2AEBA1EA4A65 /* Pods-SwiftProjectTests.release.xcconfig */;
			buildSettings = {
				ALWAYS_EMBED_SWIFT_STANDARD_LIBRARIES = YES;
				BUNDLE_LOADER = "$(TEST_HOST)";
				INFOPLIST_FILE = SwiftProjectTests/Info.plist;
				LD_RUNPATH_SEARCH_PATHS = "$(inherited) @executable_path/Frameworks @loader_path/Frameworks";
				PRODUCT_BUNDLE_IDENTIFIER = com.lemon.www.SwiftProjectTests;
				PRODUCT_NAME = "$(TARGET_NAME)";
				SWIFT_VERSION = 3.0;
				TEST_HOST = "$(BUILT_PRODUCTS_DIR)/SwiftProject.app/SwiftProject";
			};
			name = Release;
		};
		8F1F5F6F1E7180EE009771D5 /* Debug */ = {
			isa = XCBuildConfiguration;
			baseConfigurationReference = 20656D8F15E36A291E97FAB7 /* Pods-SwiftProjectUITests.debug.xcconfig */;
			buildSettings = {
				ALWAYS_EMBED_SWIFT_STANDARD_LIBRARIES = YES;
				INFOPLIST_FILE = SwiftProjectUITests/Info.plist;
				LD_RUNPATH_SEARCH_PATHS = "$(inherited) @executable_path/Frameworks @loader_path/Frameworks";
				PRODUCT_BUNDLE_IDENTIFIER = com.lemon.www.SwiftProjectUITests;
				PRODUCT_NAME = "$(TARGET_NAME)";
				SWIFT_VERSION = 3.0;
				TEST_TARGET_NAME = SwiftProject;
			};
			name = Debug;
		};
		8F1F5F701E7180EE009771D5 /* Release */ = {
			isa = XCBuildConfiguration;
			baseConfigurationReference = B8E2B38E9B144D7CDE4BEF04 /* Pods-SwiftProjectUITests.release.xcconfig */;
			buildSettings = {
				ALWAYS_EMBED_SWIFT_STANDARD_LIBRARIES = YES;
				INFOPLIST_FILE = SwiftProjectUITests/Info.plist;
				LD_RUNPATH_SEARCH_PATHS = "$(inherited) @executable_path/Frameworks @loader_path/Frameworks";
				PRODUCT_BUNDLE_IDENTIFIER = com.lemon.www.SwiftProjectUITests;
				PRODUCT_NAME = "$(TARGET_NAME)";
				SWIFT_VERSION = 3.0;
				TEST_TARGET_NAME = SwiftProject;
			};
			name = Release;
		};
/* End XCBuildConfiguration section */

/* Begin XCConfigurationList section */
		8F1F5F3B1E7180EE009771D5 /* Build configuration list for PBXProject "SwiftProject" */ = {
			isa = XCConfigurationList;
			buildConfigurations = (
				8F1F5F661E7180EE009771D5 /* Debug */,
				8F1F5F671E7180EE009771D5 /* Release */,
			);
			defaultConfigurationIsVisible = 0;
			defaultConfigurationName = Release;
		};
		8F1F5F681E7180EE009771D5 /* Build configuration list for PBXNativeTarget "SwiftProject" */ = {
			isa = XCConfigurationList;
			buildConfigurations = (
				8F1F5F691E7180EE009771D5 /* Debug */,
				8F1F5F6A1E7180EE009771D5 /* Release */,
			);
			defaultConfigurationIsVisible = 0;
			defaultConfigurationName = Release;
		};
		8F1F5F6B1E7180EE009771D5 /* Build configuration list for PBXNativeTarget "SwiftProjectTests" */ = {
			isa = XCConfigurationList;
			buildConfigurations = (
				8F1F5F6C1E7180EE009771D5 /* Debug */,
				8F1F5F6D1E7180EE009771D5 /* Release */,
			);
			defaultConfigurationIsVisible = 0;
			defaultConfigurationName = Release;
		};
		8F1F5F6E1E7180EE009771D5 /* Build configuration list for PBXNativeTarget "SwiftProjectUITests" */ = {
			isa = XCConfigurationList;
			buildConfigurations = (
				8F1F5F6F1E7180EE009771D5 /* Debug */,
				8F1F5F701E7180EE009771D5 /* Release */,
			);
			defaultConfigurationIsVisible = 0;
			defaultConfigurationName = Release;
		};
/* End XCConfigurationList section */
	};
	rootObject = 8F1F5F381E7180EE009771D5 /* Project object */;
}
